
Microsoft Visual Studio Solution File, Format Version 12.00
# Visual Studio Version 17
VisualStudioVersion = 17.7.34202.233
MinimumVisualStudioVersion = 10.0.40219.1
Project("{FAE04EC0-301F-11D3-BF4B-00C04F79EFBC}") = "ILU6.2", "ILU6.2\ILU6.2.csproj", "{34910261-9073-468A-BCEF-C32A2DA43D1A}"
EndProject
Global
	GlobalSection(SolutionConfigurationPlatforms) = preSolution
		Debug|Any CPU = Debug|Any CPU
		Release|Any CPU = Release|Any CPU
	EndGlobalSection
	GlobalSection(ProjectConfigurationPlatforms) = postSolution
		{34910261-9073-468A-BCEF-C32A2DA43D1A}.Debug|Any CPU.ActiveCfg = Debug|Any CPU
		{34910261-9073-468A-BCEF-C32A2DA43D1A}.Debug|Any CPU.Build.0 = Debug|Any CPU
		{34910261-9073-468A-BCEF-C32A2DA43D1A}.Release|Any CPU.ActiveCfg = Release|Any CPU
		{34910261-9073-468A-BCEF-C32A2DA43D1A}.Release|Any CPU.Build.0 = Release|Any CPU
	EndGlobalSection
	GlobalSection(SolutionProperties) = preSolution
		HideSolutionNode = FALSE
	EndGlobalSection
	GlobalSection(ExtensibilityGlobals) = postSolution
		SolutionGuid = {87C95473-CCB1-459E-B8C5-AA4C42AA5155}
	EndGlobalSection
EndGlobal
